// !$*UTF8*$!
{
	archiveVersion = 1;
	classes = {
	};
	objectVersion = 46;
	objects = {

/* Begin PBXBuildFile section */
		8A22BB6E1D35AC25001D979A /* AppDelegate.swift in Sources */ = {isa = PBXBuildFile; fileRef = 8A22BB6D1D35AC25001D979A /* AppDelegate.swift */; };
		8A22BB701D35AC25001D979A /* ViewController.swift in Sources */ = {isa = PBXBuildFile; fileRef = 8A22BB6F1D35AC25001D979A /* ViewController.swift */; };
		8A22BB731D35AC25001D979A /* Main.storyboard in Resources */ = {isa = PBXBuildFile; fileRef = 8A22BB711D35AC25001D979A /* Main.storyboard */; };
		8A22BB751D35AC25001D979A /* Assets.xcassets in Resources */ = {isa = PBXBuildFile; fileRef = 8A22BB741D35AC25001D979A /* Assets.xcassets */; };
		8A22BB781D35AC25001D979A /* LaunchScreen.storyboard in Resources */ = {isa = PBXBuildFile; fileRef = 8A22BB761D35AC25001D979A /* LaunchScreen.storyboard */; };
/* End PBXBuildFile section */

/* Begin PBXFileReference section */
		8A22BB6A1D35AC25001D979A /* swift-uiElements-readme-ios-0616.app */ = {isa = PBXFileReference; explicitFileType = wrapper.application; includeInIndex = 0; path = "swift-uiElements-readme-ios-0616.app"; sourceTree = BUILT_PRODUCTS_DIR; };
		8A22BB6D1D35AC25001D979A /* AppDelegate.swift */ = {isa = PBXFileReference; lastKnownFileType = sourcecode.swift; path = AppDelegate.swift; sourceTree = "<group>"; };
		8A22BB6F1D35AC25001D979A /* ViewController.swift */ = {isa = PBXFileReference; lastKnownFileType = sourcecode.swift; path = ViewController.swift; sourceTree = "<group>"; };
		8A22BB721D35AC25001D979A /* Base */ = {isa = PBXFileReference; lastKnownFileType = file.storyboard; name = Base; path = Base.lproj/Main.storyboard; sourceTree = "<group>"; };
		8A22BB741D35AC25001D979A /* Assets.xcassets */ = {isa = PBXFileReference; lastKnownFileType = folder.assetcatalog; path = Assets.xcassets; sourceTree = "<group>"; };
		8A22BB771D35AC25001D979A /* Base */ = {isa = PBXFileReference; lastKnownFileType = file.storyboard; name = Base; path = Base.lproj/LaunchScreen.storyboard; sourceTree = "<group>"; };
		8A22BB791D35AC25001D979A /* Info.plist */ = {isa = PBXFileReference; lastKnownFileType = text.plist.xml; path = Info.plist; sourceTree = "<group>"; };
/* End PBXFileReference section */

/* Begin PBXFrameworksBuildPhase section */
		8A22BB671D35AC25001D979A /* Frameworks */ = {
			isa = PBXFrameworksBuildPhase;
			buildActionMask = 2147483647;
			files = (
			);
			runOnlyForDeploymentPostprocessing = 0;
		};
/* End PBXFrameworksBuildPhase section */

/* Begin PBXGroup section */
		8A22BB611D35AC25001D979A = {
			isa = PBXGroup;
			children = (
				8A22BB6C1D35AC25001D979A /* swift-uiElements-readme-ios-0616 */,
				8A22BB6B1D35AC25001D979A /* Products */,
			);
			sourceTree = "<group>";
		};
		8A22BB6B1D35AC25001D979A /* Products */ = {
			isa = PBXGroup;
			children = (
				8A22BB6A1D35AC25001D979A /* swift-uiElements-readme-ios-0616.app */,
			);
			name = Products;
			sourceTree = "<group>";
		};
		8A22BB6C1D35AC25001D979A /* swift-uiElements-readme-ios-0616 */ = {
			isa = PBXGroup;
			children = (
				8A22BB6D1D35AC25001D979A /* AppDelegate.swift */,
				8A22BB6F1D35AC25001D979A /* ViewController.swift */,
				8A22BB711D35AC25001D979A /* Main.storyboard */,
				8A22BB741D35AC25001D979A /* Assets.xcassets */,
				8A22BB761D35AC25001D979A /* LaunchScreen.storyboard */,
				8A22BB791D35AC25001D979A /* Info.plist */,
			);
			path = "swift-uiElements-readme-ios-0616";
			sourceTree = "<group>";
		};
/* End PBXGroup section */

/* Begin PBXNativeTarget section */
		8A22BB691D35AC25001D979A /* swift-uiElements-readme-ios-0616 */ = {
			isa = PBXNativeTarget;
			buildConfigurationList = 8A22BB7C1D35AC25001D979A /* Build configuration list for PBXNativeTarget "swift-uiElements-readme-ios-0616" */;
			buildPhases = (
				8A22BB661D35AC25001D979A /* Sources */,
				8A22BB671D35AC25001D979A /* Frameworks */,
				8A22BB681D35AC25001D979A /* Resources */,
			);
			buildRules = (
			);
			dependencies = (
			);
			name = "swift-uiElements-readme-ios-0616";
			productName = "swift-uiElements-readme-ios-0616";
			productReference = 8A22BB6A1D35AC25001D979A /* swift-uiElements-readme-ios-0616.app */;
			productType = "com.apple.product-type.application";
		};
/* End PBXNativeTarget section */

/* Begin PBXProject section */
		8A22BB621D35AC25001D979A /* Project object */ = {
			isa = PBXProject;
			attributes = {
				LastSwiftUpdateCheck = 0730;
				LastUpgradeCheck = 0730;
				ORGANIZATIONNAME = "Sergey Nevzorov";
				TargetAttributes = {
					8A22BB691D35AC25001D979A = {
						CreatedOnToolsVersion = 7.3.1;
						DevelopmentTeam = FMJWPCW6KK;
					};
				};
			};
			buildConfigurationList = 8A22BB651D35AC25001D979A /* Build configuration list for PBXProject "swift-uiElements-readme-ios-0616" */;
			compatibilityVersion = "Xcode 3.2";
			developmentRegion = English;
			hasScannedForEncodings = 0;
			knownRegions = (
				en,
				Base,
			);
			mainGroup = 8A22BB611D35AC25001D979A;
			productRefGroup = 8A22BB6B1D35AC25001D979A /* Products */;
			projectDirPath = "";
			projectRoot = "";
			targets = (
				8A22BB691D35AC25001D979A /* swift-uiElements-readme-ios-0616 */,
			);
		};
/* End PBXProject section */

/* Begin PBXResourcesBuildPhase section */
		8A22BB681D35AC25001D979A /* Resources */ = {
			isa = PBXResourcesBuildPhase;
			buildActionMask = 2147483647;
			files = (
				8A22BB781D35AC25001D979A /* LaunchScreen.storyboard in Resources */,
				8A22BB751D35AC25001D979A /* Assets.xcassets in Resources */,
				8A22BB731D35AC25001D979A /* Main.storyboard in Resources */,
			);
			runOnlyForDeploymentPostprocessing = 0;
		};
/* End PBXResourcesBuildPhase section */

/* Begin PBXSourcesBuildPhase section */
		8A22BB661D35AC25001D979A /* Sources */ = {
			isa = PBXSourcesBuildPhase;
			buildActionMask = 2147483647;
			files = (
				8A22BB701D35AC25001D979A /* ViewController.swift in Sources */,
				8A22BB6E1D35AC25001D979A /* AppDelegate.swift in Sources */,
			);
			runOnlyForDeploymentPostprocessing = 0;
		};
/* End PBXSourcesBuildPhase section */

/* Begin PBXVariantGroup section */
		8A22BB711D35AC25001D979A /* Main.storyboard */ = {
			isa = PBXVariantGroup;
			children = (
				8A22BB721D35AC25001D979A /* Base */,
			);
			name = Main.storyboard;
			sourceTree = "<group>";
		};
		8A22BB761D35AC25001D979A /* LaunchScreen.storyboard */ = {
			isa = PBXVariantGroup;
			children = (
				8A22BB771D35AC25001D979A /* Base */,
			);
			name = LaunchScreen.storyboard;
			sourceTree = "<group>";
		};
/* End PBXVariantGroup section */

/* Begin XCBuildConfiguration section */
		8A22BB7A1D35AC25001D979A /* Debug */ = {
			isa = XCBuildConfiguration;
			buildSettings = {
				ALWAYS_SEARCH_USER_PATHS = NO;
				CLANG_ANALYZER_NONNULL = YES;
				CLANG_CXX_LANGUAGE_STANDARD = "gnu++0x";
				CLANG_CXX_LIBRARY = "libc++";
				CLANG_ENABLE_MODULES = YES;
				CLANG_ENABLE_OBJC_ARC = YES;
				CLANG_WARN_BOOL_CONVERSION = YES;
				CLANG_WARN_CONSTANT_CONVERSION = YES;
				CLANG_WARN_DIRECT_OBJC_ISA_USAGE = YES_ERROR;
				CLANG_WARN_EMPTY_BODY = YES;
				CLANG_WARN_ENUM_CONVERSION = YES;
				CLANG_WARN_INT_CONVERSION = YES;
				CLANG_WARN_OBJC_ROOT_CLASS = YES_ERROR;
				CLANG_WARN_UNREACHABLE_CODE = YES;
				CLANG_WARN__DUPLICATE_METHOD_MATCH = YES;
				"CODE_SIGN_IDENTITY[sdk=iphoneos*]" = "iPhone Developer";
				COPY_PHASE_STRIP = NO;
				DEBUG_INFORMATION_FORMAT = dwarf;
				ENABLE_STRICT_OBJC_MSGSEND = YES;
				ENABLE_TESTABILITY = YES;
				GCC_C_LANGUAGE_STANDARD = gnu99;
				GCC_DYNAMIC_NO_PIC = NO;
				GCC_NO_COMMON_BLOCKS = YES;
				GCC_OPTIMIZATION_LEVEL = 0;
				GCC_PREPROCESSOR_DEFINITIONS = (
					"DEBUG=1",
					"$(inherited)",
				);
				GCC_WARN_64_TO_32_BIT_CONVERSION = YES;
				GCC_WARN_ABOUT_RETURN_TYPE = YES_ERROR;
				GCC_WARN_UNDECLARED_SELECTOR = YES;
				GCC_WARN_UNINITIALIZED_AUTOS = YES_AGGRESSIVE;
				GCC_WARN_UNUSED_FUNCTION = YES;
				GCC_WARN_UNUSED_VARIABLE = YES;
				IPHONEOS_DEPLOYMENT_TARGET = 9.3;
				MTL_ENABLE_DEBUG_INFO = YES;
				ONLY_ACTIVE_ARCH = YES;
				SDKROOT = iphoneos;
				SWIFT_OPTIMIZATION_LEVEL = "-Onone";
			};
			name = Debug;
		};
		8A22BB7B1D35AC25001D979A /* Release */ = {
			isa = XCBuildConfiguration;
			buildSettings = {
				ALWAYS_SEARCH_USER_PATHS = NO;
				CLANG_ANALYZER_NONNULL = YES;
				CLANG_CXX_LANGUAGE_STANDARD = "gnu++0x";
				CLANG_CXX_LIBRARY = "libc++";
				CLANG_ENABLE_MODULES = YES;
				CLANG_ENABLE_OBJC_ARC = YES;
				CLANG_WARN_BOOL_CONVERSION = YES;
				CLANG_WARN_CONSTANT_CONVERSION = YES;
				CLANG_WARN_DIRECT_OBJC_ISA_USAGE = YES_ERROR;
				CLANG_WARN_EMPTY_BODY = YES;
				CLANG_WARN_ENUM_CONVERSION = YES;
				CLANG_WARN_INT_CONVERSION = YES;
				CLANG_WARN_OBJC_ROOT_CLASS = YES_ERROR;
				CLANG_WARN_UNREACHABLE_CODE = YES;
				CLANG_WARN__DUPLICATE_METHOD_MATCH = YES;
				"CODE_SIGN_IDENTITY[sdk=iphoneos*]" = "iPhone Developer";
				COPY_PHASE_STRIP = NO;
				DEBUG_INFORMATION_FORMAT = "dwarf-with-dsym";
				ENABLE_NS_ASSERTIONS = NO;
				ENABLE_STRICT_OBJC_MSGSEND = YES;
				GCC_C_LANGUAGE_STANDARD = gnu99;
				GCC_NO_COMMON_BLOCKS = YES;
				GCC_WARN_64_TO_32_BIT_CONVERSION = YES;
				GCC_WARN_ABOUT_RETURN_TYPE = YES_ERROR;
				GCC_WARN_UNDECLARED_SELECTOR = YES;
				GCC_WARN_UNINITIALIZED_AUTOS = YES_AGGRESSIVE;
				GCC_WARN_UNUSED_FUNCTION = YES;
				GCC_WARN_UNUSED_VARIABLE = YES;
				IPHONEOS_DEPLOYMENT_TARGET = 9.3;
				MTL_ENABLE_DEBUG_INFO = NO;
				SDKROOT = iphoneos;
				VALIDATE_PRODUCT = YES;
			};
			name = Release;
		};
		8A22BB7D1D35AC25001D979A /* Debug */ = {
			isa = XCBuildConfiguration;
			buildSettings = {
				ASSETCATALOG_COMPILER_APPICON_NAME = AppIcon;
				INFOPLIST_FILE = "swift-uiElements-readme-ios-0616/Info.plist";
				LD_RUNPATH_SEARCH_PATHS = "$(inherited) @executable_path/Frameworks";
				PRODUCT_BUNDLE_IDENTIFIER = "SN.swift-uiElements-readme-ios-0616";
				PRODUCT_NAME = "$(TARGET_NAME)";
			};
			name = Debug;
		};
		8A22BB7E1D35AC25001D979A /* Release */ = {
			isa = XCBuildConfiguration;
			buildSettings = {
				ASSETCATALOG_COMPILER_APPICON_NAME = AppIcon;
				INFOPLIST_FILE = "swift-uiElements-readme-ios-0616/Info.plist";
				LD_RUNPATH_SEARCH_PATHS = "$(inherited) @executable_path/Frameworks";
				PRODUCT_BUNDLE_IDENTIFIER = "SN.swift-uiElements-readme-ios-0616";
				PRODUCT_NAME = "$(TARGET_NAME)";
			};
			name = Release;
		};
/* End XCBuildConfiguration section */

/* Begin XCConfigurationList section */
		8A22BB651D35AC25001D979A /* Build configuration list for PBXProject "swift-uiElements-readme-ios-0616" */ = {
			isa = XCConfigurationList;
			buildConfigurations = (
				8A22BB7A1D35AC25001D979A /* Debug */,
				8A22BB7B1D35AC25001D979A /* Release */,
			);
			defaultConfigurationIsVisible = 0;
			defaultConfigurationName = Release;
		};
		8A22BB7C1D35AC25001D979A /* Build configuration list for PBXNativeTarget "swift-uiElements-readme-ios-0616" */ = {
			isa = XCConfigurationList;
			buildConfigurations = (
				8A22BB7D1D35AC25001D979A /* Debug */,
				8A22BB7E1D35AC25001D979A /* Release */,
			);
			defaultConfigurationIsVisible = 0;
		};
/* End XCConfigurationList section */
	};
	rootObject = 8A22BB621D35AC25001D979A /* Project object */;
}
